#
# This file is autogenerated by pip-compile with Python 3.12
# by the following command:
#
#    pip-compile --allow-unsafe --constraint=requirements.lock --output-file=requirements-dev.lock --strip-extras requirements-dev.txt
#
anyio==4.13.0
    # via
    #   -c requirements.lock
    #   httpx
certifi==2026.2.25
    # via
    #   -c requirements.lock
    #   httpcore
    #   httpx
coverage==7.13.5
    # via pytest-cov
flake8==7.3.0
    # via -r requirements-dev.txt
h11==0.16.0
    # via
    #   -c requirements.lock
    #   httpcore
httpcore==1.0.9
    # via
    #   -c requirements.lock
    #   httpx
httpx==0.28.1
    # via
    #   -c requirements.lock
    #   -r requirements-dev.txt
idna==3.11
    # via
    #   -c requirements.lock
    #   anyio
    #   httpx
iniconfig==2.3.0
    # via pytest
librt==0.9.0
    # via mypy
mccabe==0.7.0
    # via flake8
mypy==1.20.1
    # via -r requirements-dev.txt
mypy-extensions==1.1.0
    # via
    #   -c requirements.lock
    #   mypy
packaging==26.1
    # via
    #   -c requirements.lock
    #   pytest
pathspec==1.0.4
    # via mypy
pluggy==1.6.0
    # via
    #   pytest
    #   pytest-cov
pycodestyle==2.14.0
    # via flake8
pyflakes==3.4.0
    # via flake8
pygments==2.20.0
    # via
    #   -c requirements.lock
    #   pytest
pytest==9.0.3
    # via
    #   -r requirements-dev.txt
    #   pytest-cov
pytest-cov==7.1.0
    # via -r requirements-dev.txt
ruff==0.15.11
    # via -r requirements-dev.txt
typing-extensions==4.15.0
    # via
    #   -c requirements.lock
    #   anyio
    #   mypy
